// !$*UTF8*$!
{
	archiveVersion = 1;
	classes = {
	};
	objectVersion = 46;
	objects = {

/* Begin PBXBuildFile section */
		56916683300A85CA1C476C49 /* Pods_A_ELoginScreen.framework in Frameworks */ = {isa = PBXBuildFile; fileRef = EB280F5E1CC837D7E0C4A1BA /* Pods_A_ELoginScreen.framework */; };
		720A90C71E92B8F30043C82F /* AddItemViewController.swift in Sources */ = {isa = PBXBuildFile; fileRef = 720A90C11E92B8F30043C82F /* AddItemViewController.swift */; };
		720A90C81E92B8F30043C82F /* CreatorViewController.swift in Sources */ = {isa = PBXBuildFile; fileRef = 720A90C21E92B8F30043C82F /* CreatorViewController.swift */; };
		720A90C91E92B8F30043C82F /* PrintRenderer.swift in Sources */ = {isa = PBXBuildFile; fileRef = 720A90C31E92B8F30043C82F /* PrintRenderer.swift */; };
		720A90CA1E92B8F30043C82F /* InvoiceGenerator.swift in Sources */ = {isa = PBXBuildFile; fileRef = 720A90C41E92B8F30043C82F /* InvoiceGenerator.swift */; };
		720A90CB1E92B8F30043C82F /* InvoiceListViewController.swift in Sources */ = {isa = PBXBuildFile; fileRef = 720A90C51E92B8F30043C82F /* InvoiceListViewController.swift */; };
		720A90CC1E92B8F30043C82F /* PreviewViewController.swift in Sources */ = {isa = PBXBuildFile; fileRef = 720A90C61E92B8F30043C82F /* PreviewViewController.swift */; };
		720A90D21E92BB390043C82F /* invoice.html in Resources */ = {isa = PBXBuildFile; fileRef = 720A90CF1E92BB390043C82F /* invoice.html */; };
		720A90D31E92BB390043C82F /* last_item.html in Resources */ = {isa = PBXBuildFile; fileRef = 720A90D01E92BB390043C82F /* last_item.html */; };
		720A90D41E92BB390043C82F /* single_item.html in Resources */ = {isa = PBXBuildFile; fileRef = 720A90D11E92BB390043C82F /* single_item.html */; };
		720A90D61E92EAAE0043C82F /* LaunchScreenViewController.swift in Sources */ = {isa = PBXBuildFile; fileRef = 720A90D51E92EAAE0043C82F /* LaunchScreenViewController.swift */; };
		7210F0EE1E9C342100252EB4 /* TireBrands.png in Resources */ = {isa = PBXBuildFile; fileRef = 7210F0ED1E9C342100252EB4 /* TireBrands.png */; };
		7220DAD01E731C0700AAF7DE /* facebook-app-icon.png in Resources */ = {isa = PBXBuildFile; fileRef = 7220DACF1E731C0700AAF7DE /* facebook-app-icon.png */; };
		7220DAD81E73258000AAF7DE /* Attachment-4.png in Resources */ = {isa = PBXBuildFile; fileRef = 7220DAD71E73258000AAF7DE /* Attachment-4.png */; };
		7220DADA1E73262A00AAF7DE /* mail-icon.png in Resources */ = {isa = PBXBuildFile; fileRef = 7220DAD91E73262A00AAF7DE /* mail-icon.png */; };
		72222C4F1EAA6B5B0091EE4F /* CarCareOneLogo.png in Resources */ = {isa = PBXBuildFile; fileRef = 72222C4E1EAA6B5B0091EE4F /* CarCareOneLogo.png */; };
		723735911E8193EF00F4ADE8 /* GoogleService-Info.plist in Resources */ = {isa = PBXBuildFile; fileRef = 723735901E8193EF00F4ADE8 /* GoogleService-Info.plist */; };
		72463E901E7DC34F00F355A9 /* ServicesViewController.swift in Sources */ = {isa = PBXBuildFile; fileRef = 72463E8F1E7DC34F00F355A9 /* ServicesViewController.swift */; };
		72463EA31E7DCFDB00F355A9 /* AC Icon Update.png in Resources */ = {isa = PBXBuildFile; fileRef = 72463E9F1E7DCFDB00F355A9 /* AC Icon Update.png */; };
		72463EA41E7DCFDB00F355A9 /* Diagnostics Icon Update.png in Resources */ = {isa = PBXBuildFile; fileRef = 72463EA01E7DCFDB00F355A9 /* Diagnostics Icon Update.png */; };
		72463EA51E7DCFDB00F355A9 /* Tires Icon Update.png in Resources */ = {isa = PBXBuildFile; fileRef = 72463EA11E7DCFDB00F355A9 /* Tires Icon Update.png */; };
		72463EA61E7DCFDB00F355A9 /* Wheel Alignment.png in Resources */ = {isa = PBXBuildFile; fileRef = 72463EA21E7DCFDB00F355A9 /* Wheel Alignment.png */; };
		72463EAA1E7DD1D500F355A9 /* AC Repair.jpg in Resources */ = {isa = PBXBuildFile; fileRef = 72463EA91E7DD1D500F355A9 /* AC Repair.jpg */; };
		72491D4A1E845746007A5988 /* BGFuelServiceViewController.swift in Sources */ = {isa = PBXBuildFile; fileRef = 72491D491E845746007A5988 /* BGFuelServiceViewController.swift */; };
		726215191E86F07100BF3E4C /* BG-Cooling-System-Service21.jpg in Resources */ = {isa = PBXBuildFile; fileRef = 726215171E86F07100BF3E4C /* BG-Cooling-System-Service21.jpg */; };
		7262151A1E86F07100BF3E4C /* bg-logo-clean-white-oval-copy-1024x616.jpg in Resources */ = {isa = PBXBuildFile; fileRef = 726215181E86F07100BF3E4C /* bg-logo-clean-white-oval-copy-1024x616.jpg */; };
		7262151C1E86F08300BF3E4C /* BGBrakeFluidService2.jpg in Resources */ = {isa = PBXBuildFile; fileRef = 7262151B1E86F08300BF3E4C /* BGBrakeFluidService2.jpg */; };
		7265434C1EA675A300AF5092 /* Exhaust-Image.jpg in Resources */ = {isa = PBXBuildFile; fileRef = 7265434B1EA675A300AF5092 /* Exhaust-Image.jpg */; };
		726A745A1E7DD68100F06C16 /* ACRepairViewController.swift in Sources */ = {isa = PBXBuildFile; fileRef = 726A74591E7DD68100F06C16 /* ACRepairViewController.swift */; };
		726A745C1E7DE0A800F06C16 /* BGFluidsViewController.swift in Sources */ = {isa = PBXBuildFile; fileRef = 726A745B1E7DE0A800F06C16 /* BGFluidsViewController.swift */; };
		726A74621E7DE28500F06C16 /* BG Products.png in Resources */ = {isa = PBXBuildFile; fileRef = 726A74611E7DE28500F06C16 /* BG Products.png */; };
		726A74641E7DE43300F06C16 /* BrakesSvc-Icon150-150x150.png in Resources */ = {isa = PBXBuildFile; fileRef = 726A74631E7DE43300F06C16 /* BrakesSvc-Icon150-150x150.png */; };
		726A746A1E7DE44A00F06C16 /* CoolingSvc-Icon150-150x150.png in Resources */ = {isa = PBXBuildFile; fileRef = 726A74651E7DE44A00F06C16 /* CoolingSvc-Icon150-150x150.png */; };
		726A746B1E7DE44A00F06C16 /* DrivelineSvc-Icon150-150x150.png in Resources */ = {isa = PBXBuildFile; fileRef = 726A74661E7DE44A00F06C16 /* DrivelineSvc-Icon150-150x150.png */; };
		726A746C1E7DE44A00F06C16 /* FuelSvc-Icon150-150x150.png in Resources */ = {isa = PBXBuildFile; fileRef = 726A74671E7DE44A00F06C16 /* FuelSvc-Icon150-150x150.png */; };
		726A746D1E7DE44A00F06C16 /* SteeringSvc-Icon150-150x150.png in Resources */ = {isa = PBXBuildFile; fileRef = 726A74681E7DE44A00F06C16 /* SteeringSvc-Icon150-150x150.png */; };
		726A746E1E7DE44A00F06C16 /* TransSvc-Icon150-150x150.png in Resources */ = {isa = PBXBuildFile; fileRef = 726A74691E7DE44A00F06C16 /* TransSvc-Icon150-150x150.png */; };
		726A74701E7DF30E00F06C16 /* BGBrakeViewController.swift in Sources */ = {isa = PBXBuildFile; fileRef = 726A746F1E7DF30D00F06C16 /* BGBrakeViewController.swift */; };
		728D91551E8C959200B584AF /* NotificationService.swift in Sources */ = {isa = PBXBuildFile; fileRef = 728D91541E8C959200B584AF /* NotificationService.swift */; };
		728D91591E8C959200B584AF /* OneSignalNotificationServiceExtension.appex in Embed App Extensions */ = {isa = PBXBuildFile; fileRef = 728D91521E8C959200B584AF /* OneSignalNotificationServiceExtension.appex */; settings = {ATTRIBUTES = (RemoveHeadersOnCopy, ); }; };
		72BD2278ECEEF16F50157C9C /* libPods-OneSignalNotificationServiceExtension.a in Frameworks */ = {isa = PBXBuildFile; fileRef = C07FCDA3F0ECF23117AEAF7C /* libPods-OneSignalNotificationServiceExtension.a */; };
		72C249B81E9D79940067A3A8 /* DiamondPlateBackground.jpg in Resources */ = {isa = PBXBuildFile; fileRef = 72C249B71E9D79940067A3A8 /* DiamondPlateBackground.jpg */; };
		72CF854F1E953B1900F50600 /* WheelAlignmentImg.jpg in Resources */ = {isa = PBXBuildFile; fileRef = 72CF854E1E953B1900F50600 /* WheelAlignmentImg.jpg */; };
		72CF85511E95410B00F50600 /* WheelAlignmentReport.jpg in Resources */ = {isa = PBXBuildFile; fileRef = 72CF85501E95410B00F50600 /* WheelAlignmentReport.jpg */; };
		72D429191E7F9E8900EDFA59 /* BGCoolingViewController.swift in Sources */ = {isa = PBXBuildFile; fileRef = 72D429181E7F9E8900EDFA59 /* BGCoolingViewController.swift */; };
		72D4291B1E7F9F8700EDFA59 /* BGDrivelineViewController.swift in Sources */ = {isa = PBXBuildFile; fileRef = 72D4291A1E7F9F8700EDFA59 /* BGDrivelineViewController.swift */; };
		72D90EBB1EAAABD5006EDCD1 /* InterestFreeViewController.swift in Sources */ = {isa = PBXBuildFile; fileRef = 72D90EBA1EAAABD5006EDCD1 /* InterestFreeViewController.swift */; };
		72E076C01E9C36340072049D /* Diagnostics.jpg in Resources */ = {isa = PBXBuildFile; fileRef = 72E076BF1E9C36340072049D /* Diagnostics.jpg */; };
		72E427B31E8933CF0035B3F9 /* BGTransViewController.swift in Sources */ = {isa = PBXBuildFile; fileRef = 72E427B21E8933CF0035B3F9 /* BGTransViewController.swift */; };
		72E427B51E89341E0035B3F9 /* BGSteeringViewController.swift in Sources */ = {isa = PBXBuildFile; fileRef = 72E427B41E89341E0035B3F9 /* BGSteeringViewController.swift */; };
		72E427B71E8939630035B3F9 /* InterstateBatteriesLogo.png in Resources */ = {isa = PBXBuildFile; fileRef = 72E427B61E8939630035B3F9 /* InterstateBatteriesLogo.png */; };
		72F8A9401E8E7B9A00670A59 /* BGFuelService.jpg in Resources */ = {isa = PBXBuildFile; fileRef = 72F8A93F1E8E7B9A00670A59 /* BGFuelService.jpg */; };
		72F8A9421E8E950500670A59 /* BGSteeringService.png in Resources */ = {isa = PBXBuildFile; fileRef = 72F8A9411E8E950500670A59 /* BGSteeringService.png */; };
		72FAC1251E7305BA0042E31E /* ContactUsViewController.swift in Sources */ = {isa = PBXBuildFile; fileRef = 72FAC1241E7305BA0042E31E /* ContactUsViewController.swift */; };
		72FAC1271E73076E0042E31E /* ViewInvoicesViewController.swift in Sources */ = {isa = PBXBuildFile; fileRef = 72FAC1261E73076E0042E31E /* ViewInvoicesViewController.swift */; };
		72FAC1291E730EBF0042E31E /* big-phone-red-hi.png in Resources */ = {isa = PBXBuildFile; fileRef = 72FAC1281E730EBF0042E31E /* big-phone-red-hi.png */; };
		72FC8B701E8E983000BEAD17 /* BGTransmissionService.jpg in Resources */ = {isa = PBXBuildFile; fileRef = 72FC8B6F1E8E983000BEAD17 /* BGTransmissionService.jpg */; };
		72FC8B721E8EA16000BEAD17 /* BGDrivelineService.jpg in Resources */ = {isa = PBXBuildFile; fileRef = 72FC8B711E8EA16000BEAD17 /* BGDrivelineService.jpg */; };
		72FDE0C21E5C9CA900D888CF /* 2016 A&E Stroke Logo.png in Resources */ = {isa = PBXBuildFile; fileRef = 72FDE0C11E5C9CA900D888CF /* 2016 A&E Stroke Logo.png */; };
		72FDE0C61E5CB7A700D888CF /* RegisterScreenViewController.swift in Sources */ = {isa = PBXBuildFile; fileRef = 72FDE0C51E5CB7A700D888CF /* RegisterScreenViewController.swift */; };
		72FDE0C81E5CCB2900D888CF /* MainMenuViewController.swift in Sources */ = {isa = PBXBuildFile; fileRef = 72FDE0C71E5CCB2900D888CF /* MainMenuViewController.swift */; };
		72FDE0CA1E5CD2DE00D888CF /* TermsAndConditionsViewController.swift in Sources */ = {isa = PBXBuildFile; fileRef = 72FDE0C91E5CD2DE00D888CF /* TermsAndConditionsViewController.swift */; };
		F807D8481EB122F900FF493B /* UData.swift in Sources */ = {isa = PBXBuildFile; fileRef = F807D8471EB122F900FF493B /* UData.swift */; };
		F8181F3A1E8962D80043C3FB /* TiresViewController.swift in Sources */ = {isa = PBXBuildFile; fileRef = F8181F391E8962D80043C3FB /* TiresViewController.swift */; };
		F8181F3C1E8967EA0043C3FB /* WheelAdjustmentViewController.swift in Sources */ = {isa = PBXBuildFile; fileRef = F8181F3B1E8967EA0043C3FB /* WheelAdjustmentViewController.swift */; };
		F8181F3E1E896B000043C3FB /* BatteryViewController.swift in Sources */ = {isa = PBXBuildFile; fileRef = F8181F3D1E896B000043C3FB /* BatteryViewController.swift */; };
		F8181F401E896B9E0043C3FB /* DiagnosticsViewController.swift in Sources */ = {isa = PBXBuildFile; fileRef = F8181F3F1E896B9E0043C3FB /* DiagnosticsViewController.swift */; };
		F8181F421E896C280043C3FB /* ExhaustViewController.swift in Sources */ = {isa = PBXBuildFile; fileRef = F8181F411E896C280043C3FB /* ExhaustViewController.swift */; };
		F81A996E1EAAB1CF0052CA1D /* Constants.swift in Sources */ = {isa = PBXBuildFile; fileRef = F81A996D1EAAB1CF0052CA1D /* Constants.swift */; };
		F81A99701EAAB2FA0052CA1D /* UserInformation.swift in Sources */ = {isa = PBXBuildFile; fileRef = F81A996F1EAAB2FA0052CA1D /* UserInformation.swift */; };
		F868CD6C1E730D8500B78DE3 /* SettingsPageController.swift in Sources */ = {isa = PBXBuildFile; fileRef = F868CD6B1E730D8500B78DE3 /* SettingsPageController.swift */; };
		F87E8AE41E7B0433008554FA /* A&ELoginScreen.xcworkspace in Resources */ = {isa = PBXBuildFile; fileRef = F87E8AE31E7B0433008554FA /* A&ELoginScreen.xcworkspace */; };
		F87E8AE61E7B0443008554FA /* Pods in Resources */ = {isa = PBXBuildFile; fileRef = F87E8AE51E7B0443008554FA /* Pods */; };
		F8DD994C1E4A564800DC3EB9 /* AppDelegate.swift in Sources */ = {isa = PBXBuildFile; fileRef = F8DD994B1E4A564800DC3EB9 /* AppDelegate.swift */; };
		F8DD994E1E4A564800DC3EB9 /* LoginController.swift in Sources */ = {isa = PBXBuildFile; fileRef = F8DD994D1E4A564800DC3EB9 /* LoginController.swift */; };
		F8DD99511E4A564800DC3EB9 /* Main.storyboard in Resources */ = {isa = PBXBuildFile; fileRef = F8DD994F1E4A564800DC3EB9 /* Main.storyboard */; };
		F8DD99531E4A564800DC3EB9 /* Assets.xcassets in Resources */ = {isa = PBXBuildFile; fileRef = F8DD99521E4A564800DC3EB9 /* Assets.xcassets */; };
		F8DD99561E4A564800DC3EB9 /* LaunchScreen.storyboard in Resources */ = {isa = PBXBuildFile; fileRef = F8DD99541E4A564800DC3EB9 /* LaunchScreen.storyboard */; };
		F8F63E691EAEDA3F00B5080A /* exhaust-icon copy.png in Resources */ = {isa = PBXBuildFile; fileRef = F8F63E681EAEDA3F00B5080A /* exhaust-icon copy.png */; };
/* End PBXBuildFile section */

/* Begin PBXContainerItemProxy section */
		728D91571E8C959200B584AF /* PBXContainerItemProxy */ = {
			isa = PBXContainerItemProxy;
			containerPortal = F8DD99401E4A564800DC3EB9 /* Project object */;
			proxyType = 1;
			remoteGlobalIDString = 728D91511E8C959200B584AF;
			remoteInfo = OneSignalNotificationServiceExtension;
		};
/* End PBXContainerItemProxy section */

/* Begin PBXCopyFilesBuildPhase section */
		727F237D1E8C908800A88E8C /* Embed App Extensions */ = {
			isa = PBXCopyFilesBuildPhase;
			buildActionMask = 2147483647;
			dstPath = "";
			dstSubfolderSpec = 13;
			files = (
				728D91591E8C959200B584AF /* OneSignalNotificationServiceExtension.appex in Embed App Extensions */,
			);
			name = "Embed App Extensions";
			runOnlyForDeploymentPostprocessing = 0;
		};
/* End PBXCopyFilesBuildPhase section */

/* Begin PBXFileReference section */
		0AC46BF94E36CB9A0B3F721C /* Pods-A&ELoginScreen.debug.xcconfig */ = {isa = PBXFileReference; includeInIndex = 1; lastKnownFileType = text.xcconfig; name = "Pods-A&ELoginScreen.debug.xcconfig"; path = "Pods/Target Support Files/Pods-A&ELoginScreen/Pods-A&ELoginScreen.debug.xcconfig"; sourceTree = "<group>"; };
		3B4E35B56A2FE9FC72F7F72C /* Pods-A&ELoginScreen.release.xcconfig */ = {isa = PBXFileReference; includeInIndex = 1; lastKnownFileType = text.xcconfig; name = "Pods-A&ELoginScreen.release.xcconfig"; path = "Pods/Target Support Files/Pods-A&ELoginScreen/Pods-A&ELoginScreen.release.xcconfig"; sourceTree = "<group>"; };
		5AD17F9F88D2B757714DB8DF /* Pods-OneSignalNotificationServiceExtension.release.xcconfig */ = {isa = PBXFileReference; includeInIndex = 1; lastKnownFileType = text.xcconfig; name = "Pods-OneSignalNotificationServiceExtension.release.xcconfig"; path = "Pods/Target Support Files/Pods-OneSignalNotificationServiceExtension/Pods-OneSignalNotificationServiceExtension.release.xcconfig"; sourceTree = "<group>"; };
		71BFC3433D674687C82AF2C6 /* Pods-OneSignalNotificationServiceExtension.debug.xcconfig */ = {isa = PBXFileReference; includeInIndex = 1; lastKnownFileType = text.xcconfig; name = "Pods-OneSignalNotificationServiceExtension.debug.xcconfig"; path = "Pods/Target Support Files/Pods-OneSignalNotificationServiceExtension/Pods-OneSignalNotificationServiceExtension.debug.xcconfig"; sourceTree = "<group>"; };
		720A90C11E92B8F30043C82F /* AddItemViewController.swift */ = {isa = PBXFileReference; fileEncoding = 4; lastKnownFileType = sourcecode.swift; path = AddItemViewController.swift; sourceTree = "<group>"; };
		720A90C21E92B8F30043C82F /* CreatorViewController.swift */ = {isa = PBXFileReference; fileEncoding = 4; lastKnownFileType = sourcecode.swift; path = CreatorViewController.swift; sourceTree = "<group>"; };
		720A90C31E92B8F30043C82F /* PrintRenderer.swift */ = {isa = PBXFileReference; fileEncoding = 4; lastKnownFileType = sourcecode.swift; path = PrintRenderer.swift; sourceTree = "<group>"; };
		720A90C41E92B8F30043C82F /* InvoiceGenerator.swift */ = {isa = PBXFileReference; fileEncoding = 4; lastKnownFileType = sourcecode.swift; path = InvoiceGenerator.swift; sourceTree = "<group>"; };
		720A90C51E92B8F30043C82F /* InvoiceListViewController.swift */ = {isa = PBXFileReference; fileEncoding = 4; lastKnownFileType = sourcecode.swift; path = InvoiceListViewController.swift; sourceTree = "<group>"; };
		720A90C61E92B8F30043C82F /* PreviewViewController.swift */ = {isa = PBXFileReference; fileEncoding = 4; lastKnownFileType = sourcecode.swift; path = PreviewViewController.swift; sourceTree = "<group>"; };
		720A90CF1E92BB390043C82F /* invoice.html */ = {isa = PBXFileReference; fileEncoding = 4; lastKnownFileType = text.html; name = invoice.html; path = "HTML Templates/invoice.html"; sourceTree = "<group>"; };
		720A90D01E92BB390043C82F /* last_item.html */ = {isa = PBXFileReference; fileEncoding = 4; lastKnownFileType = text.html; name = last_item.html; path = "HTML Templates/last_item.html"; sourceTree = "<group>"; };
		720A90D11E92BB390043C82F /* single_item.html */ = {isa = PBXFileReference; fileEncoding = 4; lastKnownFileType = text.html; name = single_item.html; path = "HTML Templates/single_item.html"; sourceTree = "<group>"; };
		720A90D51E92EAAE0043C82F /* LaunchScreenViewController.swift */ = {isa = PBXFileReference; fileEncoding = 4; lastKnownFileType = sourcecode.swift; path = LaunchScreenViewController.swift; sourceTree = "<group>"; };
		7210F0ED1E9C342100252EB4 /* TireBrands.png */ = {isa = PBXFileReference; lastKnownFileType = image.png; name = TireBrands.png; path = Img/TireBrands.png; sourceTree = "<group>"; };
		7220DACF1E731C0700AAF7DE /* facebook-app-icon.png */ = {isa = PBXFileReference; lastKnownFileType = image.png; path = "facebook-app-icon.png"; sourceTree = "<group>"; };
		7220DAD71E73258000AAF7DE /* Attachment-4.png */ = {isa = PBXFileReference; lastKnownFileType = image.png; name = "Attachment-4.png"; path = "../Attachment-4.png"; sourceTree = "<group>"; };
		7220DAD91E73262A00AAF7DE /* mail-icon.png */ = {isa = PBXFileReference; lastKnownFileType = image.png; name = "mail-icon.png"; path = "../mail-icon.png"; sourceTree = "<group>"; };
		72222C4E1EAA6B5B0091EE4F /* CarCareOneLogo.png */ = {isa = PBXFileReference; lastKnownFileType = image.png; name = CarCareOneLogo.png; path = Img/CarCareOneLogo.png; sourceTree = "<group>"; };
		7235BA091E8C95F2001F51F3 /* OneSignalNotificationServiceExtension.entitlements */ = {isa = PBXFileReference; lastKnownFileType = text.plist.entitlements; path = OneSignalNotificationServiceExtension.entitlements; sourceTree = "<group>"; };
		7235BA0A1E8C9997001F51F3 /* A&ELoginScreen.entitlements */ = {isa = PBXFileReference; lastKnownFileType = text.plist.entitlements; path = "A&ELoginScreen.entitlements"; sourceTree = "<group>"; };
		723735901E8193EF00F4ADE8 /* GoogleService-Info.plist */ = {isa = PBXFileReference; fileEncoding = 4; lastKnownFileType = text.plist.xml; path = "GoogleService-Info.plist"; sourceTree = "<group>"; };
		72463E8F1E7DC34F00F355A9 /* ServicesViewController.swift */ = {isa = PBXFileReference; fileEncoding = 4; lastKnownFileType = sourcecode.swift; path = ServicesViewController.swift; sourceTree = "<group>"; };
		72463E9F1E7DCFDB00F355A9 /* AC Icon Update.png */ = {isa = PBXFileReference; lastKnownFileType = image.png; path = "AC Icon Update.png"; sourceTree = "<group>"; };
		72463EA01E7DCFDB00F355A9 /* Diagnostics Icon Update.png */ = {isa = PBXFileReference; lastKnownFileType = image.png; path = "Diagnostics Icon Update.png"; sourceTree = "<group>"; };
		72463EA11E7DCFDB00F355A9 /* Tires Icon Update.png */ = {isa = PBXFileReference; lastKnownFileType = image.png; path = "Tires Icon Update.png"; sourceTree = "<group>"; };
		72463EA21E7DCFDB00F355A9 /* Wheel Alignment.png */ = {isa = PBXFileReference; lastKnownFileType = image.png; path = "Wheel Alignment.png"; sourceTree = "<group>"; };
		72463EA91E7DD1D500F355A9 /* AC Repair.jpg */ = {isa = PBXFileReference; lastKnownFileType = image.jpeg; path = "AC Repair.jpg"; sourceTree = "<group>"; };
		72491D491E845746007A5988 /* BGFuelServiceViewController.swift */ = {isa = PBXFileReference; fileEncoding = 4; lastKnownFileType = sourcecode.swift; path = BGFuelServiceViewController.swift; sourceTree = "<group>"; };
		726215171E86F07100BF3E4C /* BG-Cooling-System-Service21.jpg */ = {isa = PBXFileReference; lastKnownFileType = image.jpeg; path = "BG-Cooling-System-Service21.jpg"; sourceTree = "<group>"; };
		726215181E86F07100BF3E4C /* bg-logo-clean-white-oval-copy-1024x616.jpg */ = {isa = PBXFileReference; lastKnownFileType = image.jpeg; path = "bg-logo-clean-white-oval-copy-1024x616.jpg"; sourceTree = "<group>"; };
		7262151B1E86F08300BF3E4C /* BGBrakeFluidService2.jpg */ = {isa = PBXFileReference; lastKnownFileType = image.jpeg; path = BGBrakeFluidService2.jpg; sourceTree = "<group>"; };
		7265434B1EA675A300AF5092 /* Exhaust-Image.jpg */ = {isa = PBXFileReference; lastKnownFileType = image.jpeg; name = "Exhaust-Image.jpg"; path = "Img/Exhaust-Image.jpg"; sourceTree = "<group>"; };
		726A74591E7DD68100F06C16 /* ACRepairViewController.swift */ = {isa = PBXFileReference; fileEncoding = 4; lastKnownFileType = sourcecode.swift; path = ACRepairViewController.swift; sourceTree = "<group>"; };
		726A745B1E7DE0A800F06C16 /* BGFluidsViewController.swift */ = {isa = PBXFileReference; fileEncoding = 4; lastKnownFileType = sourcecode.swift; path = BGFluidsViewController.swift; sourceTree = "<group>"; };
		726A74611E7DE28500F06C16 /* BG Products.png */ = {isa = PBXFileReference; lastKnownFileType = image.png; path = "BG Products.png"; sourceTree = "<group>"; };
		726A74631E7DE43300F06C16 /* BrakesSvc-Icon150-150x150.png */ = {isa = PBXFileReference; lastKnownFileType = image.png; path = "BrakesSvc-Icon150-150x150.png"; sourceTree = "<group>"; };
		726A74651E7DE44A00F06C16 /* CoolingSvc-Icon150-150x150.png */ = {isa = PBXFileReference; lastKnownFileType = image.png; path = "CoolingSvc-Icon150-150x150.png"; sourceTree = "<group>"; };
		726A74661E7DE44A00F06C16 /* DrivelineSvc-Icon150-150x150.png */ = {isa = PBXFileReference; lastKnownFileType = image.png; path = "DrivelineSvc-Icon150-150x150.png"; sourceTree = "<group>"; };
		726A74671E7DE44A00F06C16 /* FuelSvc-Icon150-150x150.png */ = {isa = PBXFileReference; lastKnownFileType = image.png; path = "FuelSvc-Icon150-150x150.png"; sourceTree = "<group>"; };
		726A74681E7DE44A00F06C16 /* SteeringSvc-Icon150-150x150.png */ = {isa = PBXFileReference; lastKnownFileType = image.png; path = "SteeringSvc-Icon150-150x150.png"; sourceTree = "<group>"; };
		726A74691E7DE44A00F06C16 /* TransSvc-Icon150-150x150.png */ = {isa = PBXFileReference; lastKnownFileType = image.png; path = "TransSvc-Icon150-150x150.png"; sourceTree = "<group>"; };
		726A746F1E7DF30D00F06C16 /* BGBrakeViewController.swift */ = {isa = PBXFileReference; fileEncoding = 4; lastKnownFileType = sourcecode.swift; path = BGBrakeViewController.swift; sourceTree = "<group>"; };
		728D91521E8C959200B584AF /* OneSignalNotificationServiceExtension.appex */ = {isa = PBXFileReference; explicitFileType = "wrapper.app-extension"; includeInIndex = 0; path = OneSignalNotificationServiceExtension.appex; sourceTree = BUILT_PRODUCTS_DIR; };
		728D91541E8C959200B584AF /* NotificationService.swift */ = {isa = PBXFileReference; lastKnownFileType = sourcecode.swift; path = NotificationService.swift; sourceTree = "<group>"; };
		728D91561E8C959200B584AF /* Info.plist */ = {isa = PBXFileReference; lastKnownFileType = text.plist.xml; path = Info.plist; sourceTree = "<group>"; };
		72C249B71E9D79940067A3A8 /* DiamondPlateBackground.jpg */ = {isa = PBXFileReference; lastKnownFileType = image.jpeg; name = DiamondPlateBackground.jpg; path = Img/DiamondPlateBackground.jpg; sourceTree = "<group>"; };
		72CF854E1E953B1900F50600 /* WheelAlignmentImg.jpg */ = {isa = PBXFileReference; lastKnownFileType = image.jpeg; name = WheelAlignmentImg.jpg; path = Img/WheelAlignmentImg.jpg; sourceTree = "<group>"; };
		72CF85501E95410B00F50600 /* WheelAlignmentReport.jpg */ = {isa = PBXFileReference; lastKnownFileType = image.jpeg; name = WheelAlignmentReport.jpg; path = Img/WheelAlignmentReport.jpg; sourceTree = "<group>"; };
		72D429181E7F9E8900EDFA59 /* BGCoolingViewController.swift */ = {isa = PBXFileReference; fileEncoding = 4; lastKnownFileType = sourcecode.swift; path = BGCoolingViewController.swift; sourceTree = "<group>"; };
		72D4291A1E7F9F8700EDFA59 /* BGDrivelineViewController.swift */ = {isa = PBXFileReference; fileEncoding = 4; lastKnownFileType = sourcecode.swift; path = BGDrivelineViewController.swift; sourceTree = "<group>"; };
		72D90EBA1EAAABD5006EDCD1 /* InterestFreeViewController.swift */ = {isa = PBXFileReference; fileEncoding = 4; lastKnownFileType = sourcecode.swift; name = InterestFreeViewController.swift; path = "View Controllers/InterestFreeViewController.swift"; sourceTree = "<group>"; };
		72E076BF1E9C36340072049D /* Diagnostics.jpg */ = {isa = PBXFileReference; lastKnownFileType = image.jpeg; name = Diagnostics.jpg; path = Img/Diagnostics.jpg; sourceTree = "<group>"; };
		72E427B21E8933CF0035B3F9 /* BGTransViewController.swift */ = {isa = PBXFileReference; fileEncoding = 4; lastKnownFileType = sourcecode.swift; path = BGTransViewController.swift; sourceTree = "<group>"; };
		72E427B41E89341E0035B3F9 /* BGSteeringViewController.swift */ = {isa = PBXFileReference; fileEncoding = 4; lastKnownFileType = sourcecode.swift; path = BGSteeringViewController.swift; sourceTree = "<group>"; };
		72E427B61E8939630035B3F9 /* InterstateBatteriesLogo.png */ = {isa = PBXFileReference; lastKnownFileType = image.png; path = InterstateBatteriesLogo.png; sourceTree = "<group>"; };
		72F8A93F1E8E7B9A00670A59 /* BGFuelService.jpg */ = {isa = PBXFileReference; lastKnownFileType = image.jpeg; path = BGFuelService.jpg; sourceTree = "<group>"; };
		72F8A9411E8E950500670A59 /* BGSteeringService.png */ = {isa = PBXFileReference; lastKnownFileType = image.png; path = BGSteeringService.png; sourceTree = "<group>"; };
		72FAC1241E7305BA0042E31E /* ContactUsViewController.swift */ = {isa = PBXFileReference; fileEncoding = 4; lastKnownFileType = sourcecode.swift; path = ContactUsViewController.swift; sourceTree = "<group>"; };
		72FAC1261E73076E0042E31E /* ViewInvoicesViewController.swift */ = {isa = PBXFileReference; fileEncoding = 4; lastKnownFileType = sourcecode.swift; path = ViewInvoicesViewController.swift; sourceTree = "<group>"; };
		72FAC1281E730EBF0042E31E /* big-phone-red-hi.png */ = {isa = PBXFileReference; lastKnownFileType = image.png; name = "big-phone-red-hi.png"; path = "Assets.xcassets/A&E.imageset/big-phone-red-hi.png"; sourceTree = "<group>"; };
		72FC8B6F1E8E983000BEAD17 /* BGTransmissionService.jpg */ = {isa = PBXFileReference; lastKnownFileType = image.jpeg; path = BGTransmissionService.jpg; sourceTree = "<group>"; };
		72FC8B711E8EA16000BEAD17 /* BGDrivelineService.jpg */ = {isa = PBXFileReference; lastKnownFileType = image.jpeg; path = BGDrivelineService.jpg; sourceTree = "<group>"; };
		72FDE0C11E5C9CA900D888CF /* 2016 A&E Stroke Logo.png */ = {isa = PBXFileReference; lastKnownFileType = image.png; name = "2016 A&E Stroke Logo.png"; path = "../2016 A&E Stroke Logo.png"; sourceTree = "<group>"; };
		72FDE0C51E5CB7A700D888CF /* RegisterScreenViewController.swift */ = {isa = PBXFileReference; fileEncoding = 4; lastKnownFileType = sourcecode.swift; path = RegisterScreenViewController.swift; sourceTree = "<group>"; };
		72FDE0C71E5CCB2900D888CF /* MainMenuViewController.swift */ = {isa = PBXFileReference; fileEncoding = 4; lastKnownFileType = sourcecode.swift; path = MainMenuViewController.swift; sourceTree = "<group>"; };
		72FDE0C91E5CD2DE00D888CF /* TermsAndConditionsViewController.swift */ = {isa = PBXFileReference; fileEncoding = 4; lastKnownFileType = sourcecode.swift; path = TermsAndConditionsViewController.swift; sourceTree = "<group>"; };
		C07FCDA3F0ECF23117AEAF7C /* libPods-OneSignalNotificationServiceExtension.a */ = {isa = PBXFileReference; explicitFileType = archive.ar; includeInIndex = 0; path = "libPods-OneSignalNotificationServiceExtension.a"; sourceTree = BUILT_PRODUCTS_DIR; };
		EB280F5E1CC837D7E0C4A1BA /* Pods_A_ELoginScreen.framework */ = {isa = PBXFileReference; explicitFileType = wrapper.framework; includeInIndex = 0; path = Pods_A_ELoginScreen.framework; sourceTree = BUILT_PRODUCTS_DIR; };
		F807D8471EB122F900FF493B /* UData.swift */ = {isa = PBXFileReference; fileEncoding = 4; lastKnownFileType = sourcecode.swift; path = UData.swift; sourceTree = "<group>"; };
		F8181F391E8962D80043C3FB /* TiresViewController.swift */ = {isa = PBXFileReference; fileEncoding = 4; lastKnownFileType = sourcecode.swift; path = TiresViewController.swift; sourceTree = "<group>"; };
		F8181F3B1E8967EA0043C3FB /* WheelAdjustmentViewController.swift */ = {isa = PBXFileReference; fileEncoding = 4; lastKnownFileType = sourcecode.swift; path = WheelAdjustmentViewController.swift; sourceTree = "<group>"; };
		F8181F3D1E896B000043C3FB /* BatteryViewController.swift */ = {isa = PBXFileReference; fileEncoding = 4; lastKnownFileType = sourcecode.swift; path = BatteryViewController.swift; sourceTree = "<group>"; };
		F8181F3F1E896B9E0043C3FB /* DiagnosticsViewController.swift */ = {isa = PBXFileReference; fileEncoding = 4; lastKnownFileType = sourcecode.swift; path = DiagnosticsViewController.swift; sourceTree = "<group>"; };
		F8181F411E896C280043C3FB /* ExhaustViewController.swift */ = {isa = PBXFileReference; fileEncoding = 4; lastKnownFileType = sourcecode.swift; path = ExhaustViewController.swift; sourceTree = "<group>"; };
		F81A996D1EAAB1CF0052CA1D /* Constants.swift */ = {isa = PBXFileReference; fileEncoding = 4; lastKnownFileType = sourcecode.swift; path = Constants.swift; sourceTree = "<group>"; };
		F81A996F1EAAB2FA0052CA1D /* UserInformation.swift */ = {isa = PBXFileReference; fileEncoding = 4; lastKnownFileType = sourcecode.swift; path = UserInformation.swift; sourceTree = "<group>"; };
		F868CD6B1E730D8500B78DE3 /* SettingsPageController.swift */ = {isa = PBXFileReference; fileEncoding = 4; lastKnownFileType = sourcecode.swift; path = SettingsPageController.swift; sourceTree = "<group>"; };
		F87E8AE31E7B0433008554FA /* A&ELoginScreen.xcworkspace */ = {isa = PBXFileReference; lastKnownFileType = wrapper.workspace; path = "A&ELoginScreen.xcworkspace"; sourceTree = "<group>"; };
		F87E8AE51E7B0443008554FA /* Pods */ = {isa = PBXFileReference; lastKnownFileType = folder; path = Pods; sourceTree = "<group>"; };
		F8DD99481E4A564800DC3EB9 /* A&ELoginScreen.app */ = {isa = PBXFileReference; explicitFileType = wrapper.application; includeInIndex = 0; path = "A&ELoginScreen.app"; sourceTree = BUILT_PRODUCTS_DIR; };
		F8DD994B1E4A564800DC3EB9 /* AppDelegate.swift */ = {isa = PBXFileReference; lastKnownFileType = sourcecode.swift; path = AppDelegate.swift; sourceTree = "<group>"; };
		F8DD994D1E4A564800DC3EB9 /* LoginController.swift */ = {isa = PBXFileReference; lastKnownFileType = sourcecode.swift; path = LoginController.swift; sourceTree = "<group>"; };
		F8DD99501E4A564800DC3EB9 /* Base */ = {isa = PBXFileReference; lastKnownFileType = file.storyboard; name = Base; path = Base.lproj/Main.storyboard; sourceTree = "<group>"; };
		F8DD99521E4A564800DC3EB9 /* Assets.xcassets */ = {isa = PBXFileReference; lastKnownFileType = folder.assetcatalog; path = Assets.xcassets; sourceTree = "<group>"; };
		F8DD99551E4A564800DC3EB9 /* Base */ = {isa = PBXFileReference; lastKnownFileType = file.storyboard; name = Base; path = Base.lproj/LaunchScreen.storyboard; sourceTree = "<group>"; };
		F8DD99571E4A564800DC3EB9 /* Info.plist */ = {isa = PBXFileReference; lastKnownFileType = text.plist.xml; path = Info.plist; sourceTree = "<group>"; };
		F8F63E681EAEDA3F00B5080A /* exhaust-icon copy.png */ = {isa = PBXFileReference; lastKnownFileType = image.png; path = "exhaust-icon copy.png"; sourceTree = SOURCE_ROOT; };
/* End PBXFileReference section */

/* Begin PBXFrameworksBuildPhase section */
		728D914F1E8C959200B584AF /* Frameworks */ = {
			isa = PBXFrameworksBuildPhase;
			buildActionMask = 2147483647;
			files = (
				72BD2278ECEEF16F50157C9C /* libPods-OneSignalNotificationServiceExtension.a in Frameworks */,
			);
			runOnlyForDeploymentPostprocessing = 0;
		};
		F8DD99451E4A564800DC3EB9 /* Frameworks */ = {
			isa = PBXFrameworksBuildPhase;
			buildActionMask = 2147483647;
			files = (
				56916683300A85CA1C476C49 /* Pods_A_ELoginScreen.framework in Frameworks */,
			);
			runOnlyForDeploymentPostprocessing = 0;
		};
/* End PBXFrameworksBuildPhase section */

/* Begin PBXGroup section */
		16D652E67BB5061BDF3CCC07 /* Pods */ = {
			isa = PBXGroup;
			children = (
				F87E8AE51E7B0443008554FA /* Pods */,
				0AC46BF94E36CB9A0B3F721C /* Pods-A&ELoginScreen.debug.xcconfig */,
				3B4E35B56A2FE9FC72F7F72C /* Pods-A&ELoginScreen.release.xcconfig */,
				71BFC3433D674687C82AF2C6 /* Pods-OneSignalNotificationServiceExtension.debug.xcconfig */,
				5AD17F9F88D2B757714DB8DF /* Pods-OneSignalNotificationServiceExtension.release.xcconfig */,
			);
			name = Pods;
			sourceTree = "<group>";
		};
		40AB4BE93A0F38450BA86E43 /* Frameworks */ = {
			isa = PBXGroup;
			children = (
				EB280F5E1CC837D7E0C4A1BA /* Pods_A_ELoginScreen.framework */,
				C07FCDA3F0ECF23117AEAF7C /* libPods-OneSignalNotificationServiceExtension.a */,
			);
			name = Frameworks;
			sourceTree = "<group>";
		};
		720A90CD1E92B9070043C82F /* View Controllers */ = {
			isa = PBXGroup;
			children = (
				F8DD994D1E4A564800DC3EB9 /* LoginController.swift */,
				72FDE0C71E5CCB2900D888CF /* MainMenuViewController.swift */,
				72FDE0C51E5CB7A700D888CF /* RegisterScreenViewController.swift */,
				F868CD6B1E730D8500B78DE3 /* SettingsPageController.swift */,
				F8B19E9A1EAD0A8900C18EC3 /* Invoice Management Controllers */,
				F8B19E981EAD099700C18EC3 /* Information Controllers */,
			);
			name = "View Controllers";
			sourceTree = "<group>";
		};
		720A90CE1E92BAEE0043C82F /* HTML Templates */ = {
			isa = PBXGroup;
			children = (
				720A90CF1E92BB390043C82F /* invoice.html */,
				720A90D01E92BB390043C82F /* last_item.html */,
				720A90D11E92BB390043C82F /* single_item.html */,
			);
			name = "HTML Templates";
			sourceTree = "<group>";
		};
		72463E9E1E7DC89A00F355A9 /* Images */ = {
			isa = PBXGroup;
			children = (
				F8F63E681EAEDA3F00B5080A /* exhaust-icon copy.png */,
				72222C4E1EAA6B5B0091EE4F /* CarCareOneLogo.png */,
				7265434B1EA675A300AF5092 /* Exhaust-Image.jpg */,
				72C249B71E9D79940067A3A8 /* DiamondPlateBackground.jpg */,
				72FC8B711E8EA16000BEAD17 /* BGDrivelineService.jpg */,
				72FC8B6F1E8E983000BEAD17 /* BGTransmissionService.jpg */,
				72F8A9411E8E950500670A59 /* BGSteeringService.png */,
				72F8A93F1E8E7B9A00670A59 /* BGFuelService.jpg */,
				72E427B61E8939630035B3F9 /* InterstateBatteriesLogo.png */,
				7262151B1E86F08300BF3E4C /* BGBrakeFluidService2.jpg */,
				726215171E86F07100BF3E4C /* BG-Cooling-System-Service21.jpg */,
				726215181E86F07100BF3E4C /* bg-logo-clean-white-oval-copy-1024x616.jpg */,
				726A74651E7DE44A00F06C16 /* CoolingSvc-Icon150-150x150.png */,
				72E076BF1E9C36340072049D /* Diagnostics.jpg */,
				72463EA01E7DCFDB00F355A9 /* Diagnostics Icon Update.png */,
				726A74661E7DE44A00F06C16 /* DrivelineSvc-Icon150-150x150.png */,
				726A74671E7DE44A00F06C16 /* FuelSvc-Icon150-150x150.png */,
				726A74681E7DE44A00F06C16 /* SteeringSvc-Icon150-150x150.png */,
				726A74691E7DE44A00F06C16 /* TransSvc-Icon150-150x150.png */,
				726A74631E7DE43300F06C16 /* BrakesSvc-Icon150-150x150.png */,
				72463EA91E7DD1D500F355A9 /* AC Repair.jpg */,
				72463E9F1E7DCFDB00F355A9 /* AC Icon Update.png */,
				726A74611E7DE28500F06C16 /* BG Products.png */,
				7210F0ED1E9C342100252EB4 /* TireBrands.png */,
				72463EA11E7DCFDB00F355A9 /* Tires Icon Update.png */,
				72463EA21E7DCFDB00F355A9 /* Wheel Alignment.png */,
				72CF854E1E953B1900F50600 /* WheelAlignmentImg.jpg */,
				72CF85501E95410B00F50600 /* WheelAlignmentReport.jpg */,
				72FDE0C11E5C9CA900D888CF /* 2016 A&E Stroke Logo.png */,
				7220DAD71E73258000AAF7DE /* Attachment-4.png */,
				72FAC1281E730EBF0042E31E /* big-phone-red-hi.png */,
				7220DACF1E731C0700AAF7DE /* facebook-app-icon.png */,
				7220DAD91E73262A00AAF7DE /* mail-icon.png */,
			);
			name = Images;
			sourceTree = "<group>";
		};
		728D91011E952E1F00C45C8B /* Other Classes */ = {
			isa = PBXGroup;
			children = (
				F81A996F1EAAB2FA0052CA1D /* UserInformation.swift */,
				720A90C31E92B8F30043C82F /* PrintRenderer.swift */,
				720A90C41E92B8F30043C82F /* InvoiceGenerator.swift */,
				F81A996D1EAAB1CF0052CA1D /* Constants.swift */,
				F807D8471EB122F900FF493B /* UData.swift */,
			);
			name = "Other Classes";
			sourceTree = "<group>";
		};
		728D91531E8C959200B584AF /* OneSignalNotificationServiceExtension */ = {
			isa = PBXGroup;
			children = (
				7235BA091E8C95F2001F51F3 /* OneSignalNotificationServiceExtension.entitlements */,
				728D91541E8C959200B584AF /* NotificationService.swift */,
				728D91561E8C959200B584AF /* Info.plist */,
			);
			path = OneSignalNotificationServiceExtension;
			sourceTree = "<group>";
		};
		F8B19E981EAD099700C18EC3 /* Information Controllers */ = {
			isa = PBXGroup;
			children = (
				726A74591E7DD68100F06C16 /* ACRepairViewController.swift */,
				F8181F3D1E896B000043C3FB /* BatteryViewController.swift */,
				726A746F1E7DF30D00F06C16 /* BGBrakeViewController.swift */,
				72D429181E7F9E8900EDFA59 /* BGCoolingViewController.swift */,
				72D4291A1E7F9F8700EDFA59 /* BGDrivelineViewController.swift */,
				726A745B1E7DE0A800F06C16 /* BGFluidsViewController.swift */,
				72E427B41E89341E0035B3F9 /* BGSteeringViewController.swift */,
				72E427B21E8933CF0035B3F9 /* BGTransViewController.swift */,
				72FAC1241E7305BA0042E31E /* ContactUsViewController.swift */,
				72491D491E845746007A5988 /* BGFuelServiceViewController.swift */,
				F8181F3F1E896B9E0043C3FB /* DiagnosticsViewController.swift */,
				F8181F411E896C280043C3FB /* ExhaustViewController.swift */,
				720A90D51E92EAAE0043C82F /* LaunchScreenViewController.swift */,
				72463E8F1E7DC34F00F355A9 /* ServicesViewController.swift */,
				F8181F391E8962D80043C3FB /* TiresViewController.swift */,
				72FDE0C91E5CD2DE00D888CF /* TermsAndConditionsViewController.swift */,
				72FAC1261E73076E0042E31E /* ViewInvoicesViewController.swift */,
				F8181F3B1E8967EA0043C3FB /* WheelAdjustmentViewController.swift */,
				72D90EBA1EAAABD5006EDCD1 /* InterestFreeViewController.swift */,
			);
			name = "Information Controllers";
			sourceTree = "<group>";
		};
		F8B19E9A1EAD0A8900C18EC3 /* Invoice Management Controllers */ = {
			isa = PBXGroup;
			children = (
				720A90C11E92B8F30043C82F /* AddItemViewController.swift */,
				720A90C21E92B8F30043C82F /* CreatorViewController.swift */,
				720A90C51E92B8F30043C82F /* InvoiceListViewController.swift */,
				720A90C61E92B8F30043C82F /* PreviewViewController.swift */,
			);
			name = "Invoice Management Controllers";
			sourceTree = "<group>";
		};
		F8DD993F1E4A564800DC3EB9 = {
			isa = PBXGroup;
			children = (
				F87E8AE31E7B0433008554FA /* A&ELoginScreen.xcworkspace */,
				F8DD994A1E4A564800DC3EB9 /* A&ELoginScreen */,
				728D91531E8C959200B584AF /* OneSignalNotificationServiceExtension */,
				F8DD99491E4A564800DC3EB9 /* Products */,
				16D652E67BB5061BDF3CCC07 /* Pods */,
				40AB4BE93A0F38450BA86E43 /* Frameworks */,
			);
			sourceTree = "<group>";
		};
		F8DD99491E4A564800DC3EB9 /* Products */ = {
			isa = PBXGroup;
			children = (
				F8DD99481E4A564800DC3EB9 /* A&ELoginScreen.app */,
				728D91521E8C959200B584AF /* OneSignalNotificationServiceExtension.appex */,
			);
			name = Products;
			sourceTree = "<group>";
		};
		F8DD994A1E4A564800DC3EB9 /* A&ELoginScreen */ = {
			isa = PBXGroup;
			children = (
				720A90CE1E92BAEE0043C82F /* HTML Templates */,
				F8DD994B1E4A564800DC3EB9 /* AppDelegate.swift */,
				720A90CD1E92B9070043C82F /* View Controllers */,
				728D91011E952E1F00C45C8B /* Other Classes */,
				F8DD994F1E4A564800DC3EB9 /* Main.storyboard */,
				F8DD99541E4A564800DC3EB9 /* LaunchScreen.storyboard */,
				F8DD99521E4A564800DC3EB9 /* Assets.xcassets */,
				72463E9E1E7DC89A00F355A9 /* Images */,
				723735901E8193EF00F4ADE8 /* GoogleService-Info.plist */,
				F8DD99571E4A564800DC3EB9 /* Info.plist */,
				7235BA0A1E8C9997001F51F3 /* A&ELoginScreen.entitlements */,
			);
			path = "A&ELoginScreen";
			sourceTree = "<group>";
		};
/* End PBXGroup section */

/* Begin PBXNativeTarget section */
		728D91511E8C959200B584AF /* OneSignalNotificationServiceExtension */ = {
			isa = PBXNativeTarget;
			buildConfigurationList = 728D915A1E8C959200B584AF /* Build configuration list for PBXNativeTarget "OneSignalNotificationServiceExtension" */;
			buildPhases = (
				459BF4D5E5E8400B91ADFDF7 /* [CP] Check Pods Manifest.lock */,
				728D914E1E8C959200B584AF /* Sources */,
				728D914F1E8C959200B584AF /* Frameworks */,
				728D91501E8C959200B584AF /* Resources */,
				3850402A104844AB59150741 /* [CP] Copy Pods Resources */,
			);
			buildRules = (
			);
			dependencies = (
			);
			name = OneSignalNotificationServiceExtension;
			productName = OneSignalNotificationServiceExtension;
			productReference = 728D91521E8C959200B584AF /* OneSignalNotificationServiceExtension.appex */;
			productType = "com.apple.product-type.app-extension";
		};
		F8DD99471E4A564800DC3EB9 /* A&ELoginScreen */ = {
			isa = PBXNativeTarget;
			buildConfigurationList = F8DD995A1E4A564800DC3EB9 /* Build configuration list for PBXNativeTarget "A&ELoginScreen" */;
			buildPhases = (
				B89CCEE4725212DC0E0BF527 /* [CP] Check Pods Manifest.lock */,
				F8DD99441E4A564800DC3EB9 /* Sources */,
				F8DD99451E4A564800DC3EB9 /* Frameworks */,
				F8DD99461E4A564800DC3EB9 /* Resources */,
				DDE8C1629E8E06A7C8204E9F /* [CP] Embed Pods Frameworks */,
				09418CC7166C6C1949B87AA9 /* [CP] Copy Pods Resources */,
				727F237D1E8C908800A88E8C /* Embed App Extensions */,
			);
			buildRules = (
			);
			dependencies = (
				728D91581E8C959200B584AF /* PBXTargetDependency */,
			);
			name = "A&ELoginScreen";
			productName = "A&ELoginScreen";
			productReference = F8DD99481E4A564800DC3EB9 /* A&ELoginScreen.app */;
			productType = "com.apple.product-type.application";
		};
/* End PBXNativeTarget section */

/* Begin PBXProject section */
		F8DD99401E4A564800DC3EB9 /* Project object */ = {
			isa = PBXProject;
			attributes = {
				LastSwiftUpdateCheck = 0830;
				LastUpgradeCheck = 0820;
				ORGANIZATIONNAME = Yamnel;
				TargetAttributes = {
					728D91511E8C959200B584AF = {
						CreatedOnToolsVersion = 8.3;
						DevelopmentTeam = 4U642UQEDA;
						ProvisioningStyle = Automatic;
						SystemCapabilities = {
							com.apple.Push = {
								enabled = 0;
							};
						};
					};
					F8DD99471E4A564800DC3EB9 = {
						CreatedOnToolsVersion = 8.2.1;
						DevelopmentTeam = 4U642UQEDA;
						ProvisioningStyle = Manual;
						SystemCapabilities = {
							com.apple.BackgroundModes = {
								enabled = 1;
							};
							com.apple.Push = {
								enabled = 1;
							};
						};
					};
				};
			};
			buildConfigurationList = F8DD99431E4A564800DC3EB9 /* Build configuration list for PBXProject "A&ELoginScreen" */;
			compatibilityVersion = "Xcode 3.2";
			developmentRegion = English;
			hasScannedForEncodings = 0;
			knownRegions = (
				en,
				Base,
			);
			mainGroup = F8DD993F1E4A564800DC3EB9;
			productRefGroup = F8DD99491E4A564800DC3EB9 /* Products */;
			projectDirPath = "";
			projectRoot = "";
			targets = (
				F8DD99471E4A564800DC3EB9 /* A&ELoginScreen */,
				728D91511E8C959200B584AF /* OneSignalNotificationServiceExtension */,
			);
		};
/* End PBXProject section */

/* Begin PBXResourcesBuildPhase section */
		728D91501E8C959200B584AF /* Resources */ = {
			isa = PBXResourcesBuildPhase;
			buildActionMask = 2147483647;
			files = (
			);
			runOnlyForDeploymentPostprocessing = 0;
		};
		F8DD99461E4A564800DC3EB9 /* Resources */ = {
			isa = PBXResourcesBuildPhase;
			buildActionMask = 2147483647;
			files = (
				F8DD99561E4A564800DC3EB9 /* LaunchScreen.storyboard in Resources */,
				72E427B71E8939630035B3F9 /* InterstateBatteriesLogo.png in Resources */,
				72F8A9421E8E950500670A59 /* BGSteeringService.png in Resources */,
				726A74621E7DE28500F06C16 /* BG Products.png in Resources */,
				72222C4F1EAA6B5B0091EE4F /* CarCareOneLogo.png in Resources */,
				72463EA41E7DCFDB00F355A9 /* Diagnostics Icon Update.png in Resources */,
				72463EA31E7DCFDB00F355A9 /* AC Icon Update.png in Resources */,
				F8F63E691EAEDA3F00B5080A /* exhaust-icon copy.png in Resources */,
				72463EAA1E7DD1D500F355A9 /* AC Repair.jpg in Resources */,
				72463EA51E7DCFDB00F355A9 /* Tires Icon Update.png in Resources */,
				7220DADA1E73262A00AAF7DE /* mail-icon.png in Resources */,
				F87E8AE61E7B0443008554FA /* Pods in Resources */,
				7262151C1E86F08300BF3E4C /* BGBrakeFluidService2.jpg in Resources */,
				72CF85511E95410B00F50600 /* WheelAlignmentReport.jpg in Resources */,
				726A746E1E7DE44A00F06C16 /* TransSvc-Icon150-150x150.png in Resources */,
				723735911E8193EF00F4ADE8 /* GoogleService-Info.plist in Resources */,
				726215191E86F07100BF3E4C /* BG-Cooling-System-Service21.jpg in Resources */,
				72FDE0C21E5C9CA900D888CF /* 2016 A&E Stroke Logo.png in Resources */,
				720A90D31E92BB390043C82F /* last_item.html in Resources */,
				7220DAD81E73258000AAF7DE /* Attachment-4.png in Resources */,
				726A74641E7DE43300F06C16 /* BrakesSvc-Icon150-150x150.png in Resources */,
				726A746D1E7DE44A00F06C16 /* SteeringSvc-Icon150-150x150.png in Resources */,
				7262151A1E86F07100BF3E4C /* bg-logo-clean-white-oval-copy-1024x616.jpg in Resources */,
				72F8A9401E8E7B9A00670A59 /* BGFuelService.jpg in Resources */,
				72CF854F1E953B1900F50600 /* WheelAlignmentImg.jpg in Resources */,
				726A746B1E7DE44A00F06C16 /* DrivelineSvc-Icon150-150x150.png in Resources */,
				72FC8B721E8EA16000BEAD17 /* BGDrivelineService.jpg in Resources */,
				72463EA61E7DCFDB00F355A9 /* Wheel Alignment.png in Resources */,
				7265434C1EA675A300AF5092 /* Exhaust-Image.jpg in Resources */,
				F8DD99531E4A564800DC3EB9 /* Assets.xcassets in Resources */,
				720A90D41E92BB390043C82F /* single_item.html in Resources */,
				7210F0EE1E9C342100252EB4 /* TireBrands.png in Resources */,
				72C249B81E9D79940067A3A8 /* DiamondPlateBackground.jpg in Resources */,
				72FAC1291E730EBF0042E31E /* big-phone-red-hi.png in Resources */,
				72E076C01E9C36340072049D /* Diagnostics.jpg in Resources */,
				726A746C1E7DE44A00F06C16 /* FuelSvc-Icon150-150x150.png in Resources */,
				726A746A1E7DE44A00F06C16 /* CoolingSvc-Icon150-150x150.png in Resources */,
				F87E8AE41E7B0433008554FA /* A&ELoginScreen.xcworkspace in Resources */,
				720A90D21E92BB390043C82F /* invoice.html in Resources */,
				7220DAD01E731C0700AAF7DE /* facebook-app-icon.png in Resources */,
				72FC8B701E8E983000BEAD17 /* BGTransmissionService.jpg in Resources */,
				F8DD99511E4A564800DC3EB9 /* Main.storyboard in Resources */,
			);
			runOnlyForDeploymentPostprocessing = 0;
		};
/* End PBXResourcesBuildPhase section */

/* Begin PBXShellScriptBuildPhase section */
		09418CC7166C6C1949B87AA9 /* [CP] Copy Pods Resources */ = {
			isa = PBXShellScriptBuildPhase;
			buildActionMask = 2147483647;
			files = (
			);
			inputPaths = (
			);
			name = "[CP] Copy Pods Resources";
			outputPaths = (
			);
			runOnlyForDeploymentPostprocessing = 0;
			shellPath = /bin/sh;
			shellScript = "\"${SRCROOT}/Pods/Target Support Files/Pods-A&ELoginScreen/Pods-A&ELoginScreen-resources.sh\"\n";
			showEnvVarsInLog = 0;
		};
		3850402A104844AB59150741 /* [CP] Copy Pods Resources */ = {
			isa = PBXShellScriptBuildPhase;
			buildActionMask = 2147483647;
			files = (
			);
			inputPaths = (
			);
			name = "[CP] Copy Pods Resources";
			outputPaths = (
			);
			runOnlyForDeploymentPostprocessing = 0;
			shellPath = /bin/sh;
			shellScript = "\"${SRCROOT}/Pods/Target Support Files/Pods-OneSignalNotificationServiceExtension/Pods-OneSignalNotificationServiceExtension-resources.sh\"\n";
			showEnvVarsInLog = 0;
		};
		459BF4D5E5E8400B91ADFDF7 /* [CP] Check Pods Manifest.lock */ = {
			isa = PBXShellScriptBuildPhase;
			buildActionMask = 2147483647;
			files = (
			);
			inputPaths = (
			);
			name = "[CP] Check Pods Manifest.lock";
			outputPaths = (
			);
			runOnlyForDeploymentPostprocessing = 0;
			shellPath = /bin/sh;
			shellScript = "diff \"${PODS_ROOT}/../Podfile.lock\" \"${PODS_ROOT}/Manifest.lock\" > /dev/null\nif [ $? != 0 ] ; then\n    # print error to STDERR\n    echo \"error: The sandbox is not in sync with the Podfile.lock. Run 'pod install' or update your CocoaPods installation.\" >&2\n    exit 1\nfi\n";
			showEnvVarsInLog = 0;
		};
		B89CCEE4725212DC0E0BF527 /* [CP] Check Pods Manifest.lock */ = {
			isa = PBXShellScriptBuildPhase;
			buildActionMask = 2147483647;
			files = (
			);
			inputPaths = (
			);
			name = "[CP] Check Pods Manifest.lock";
			outputPaths = (
			);
			runOnlyForDeploymentPostprocessing = 0;
			shellPath = /bin/sh;
			shellScript = "diff \"${PODS_ROOT}/../Podfile.lock\" \"${PODS_ROOT}/Manifest.lock\" > /dev/null\nif [ $? != 0 ] ; then\n    # print error to STDERR\n    echo \"error: The sandbox is not in sync with the Podfile.lock. Run 'pod install' or update your CocoaPods installation.\" >&2\n    exit 1\nfi\n";
			showEnvVarsInLog = 0;
		};
		DDE8C1629E8E06A7C8204E9F /* [CP] Embed Pods Frameworks */ = {
			isa = PBXShellScriptBuildPhase;
			buildActionMask = 2147483647;
			files = (
			);
			inputPaths = (
			);
			name = "[CP] Embed Pods Frameworks";
			outputPaths = (
			);
			runOnlyForDeploymentPostprocessing = 0;
			shellPath = /bin/sh;
			shellScript = "\"${SRCROOT}/Pods/Target Support Files/Pods-A&ELoginScreen/Pods-A&ELoginScreen-frameworks.sh\"\n";
			showEnvVarsInLog = 0;
		};
/* End PBXShellScriptBuildPhase section */

/* Begin PBXSourcesBuildPhase section */
		728D914E1E8C959200B584AF /* Sources */ = {
			isa = PBXSourcesBuildPhase;
			buildActionMask = 2147483647;
			files = (
				728D91551E8C959200B584AF /* NotificationService.swift in Sources */,
			);
			runOnlyForDeploymentPostprocessing = 0;
		};
		F8DD99441E4A564800DC3EB9 /* Sources */ = {
			isa = PBXSourcesBuildPhase;
			buildActionMask = 2147483647;
			files = (
				F8181F3E1E896B000043C3FB /* BatteryViewController.swift in Sources */,
				72D4291B1E7F9F8700EDFA59 /* BGDrivelineViewController.swift in Sources */,
				72FDE0C81E5CCB2900D888CF /* MainMenuViewController.swift in Sources */,
				F8181F3C1E8967EA0043C3FB /* WheelAdjustmentViewController.swift in Sources */,
				F807D8481EB122F900FF493B /* UData.swift in Sources */,
				72FDE0C61E5CB7A700D888CF /* RegisterScreenViewController.swift in Sources */,
				720A90C71E92B8F30043C82F /* AddItemViewController.swift in Sources */,
				72491D4A1E845746007A5988 /* BGFuelServiceViewController.swift in Sources */,
				F8DD994E1E4A564800DC3EB9 /* LoginController.swift in Sources */,
				F868CD6C1E730D8500B78DE3 /* SettingsPageController.swift in Sources */,
				F81A996E1EAAB1CF0052CA1D /* Constants.swift in Sources */,
				720A90CA1E92B8F30043C82F /* InvoiceGenerator.swift in Sources */,
				72E427B31E8933CF0035B3F9 /* BGTransViewController.swift in Sources */,
				72FDE0CA1E5CD2DE00D888CF /* TermsAndConditionsViewController.swift in Sources */,
				72E427B51E89341E0035B3F9 /* BGSteeringViewController.swift in Sources */,
				726A745C1E7DE0A800F06C16 /* BGFluidsViewController.swift in Sources */,
				720A90D61E92EAAE0043C82F /* LaunchScreenViewController.swift in Sources */,
				720A90C91E92B8F30043C82F /* PrintRenderer.swift in Sources */,
				720A90C81E92B8F30043C82F /* CreatorViewController.swift in Sources */,
				72D429191E7F9E8900EDFA59 /* BGCoolingViewController.swift in Sources */,
				72D90EBB1EAAABD5006EDCD1 /* InterestFreeViewController.swift in Sources */,
				72FAC1271E73076E0042E31E /* ViewInvoicesViewController.swift in Sources */,
				F81A99701EAAB2FA0052CA1D /* UserInformation.swift in Sources */,
				F8181F401E896B9E0043C3FB /* DiagnosticsViewController.swift in Sources */,
				F8181F421E896C280043C3FB /* ExhaustViewController.swift in Sources */,
				726A74701E7DF30E00F06C16 /* BGBrakeViewController.swift in Sources */,
				F8181F3A1E8962D80043C3FB /* TiresViewController.swift in Sources */,
				72463E901E7DC34F00F355A9 /* ServicesViewController.swift in Sources */,
				720A90CC1E92B8F30043C82F /* PreviewViewController.swift in Sources */,
				720A90CB1E92B8F30043C82F /* InvoiceListViewController.swift in Sources */,
				F8DD994C1E4A564800DC3EB9 /* AppDelegate.swift in Sources */,
				72FAC1251E7305BA0042E31E /* ContactUsViewController.swift in Sources */,
				726A745A1E7DD68100F06C16 /* ACRepairViewController.swift in Sources */,
			);
			runOnlyForDeploymentPostprocessing = 0;
		};
/* End PBXSourcesBuildPhase section */

/* Begin PBXTargetDependency section */
		728D91581E8C959200B584AF /* PBXTargetDependency */ = {
			isa = PBXTargetDependency;
			target = 728D91511E8C959200B584AF /* OneSignalNotificationServiceExtension */;
			targetProxy = 728D91571E8C959200B584AF /* PBXContainerItemProxy */;
		};
/* End PBXTargetDependency section */

/* Begin PBXVariantGroup section */
		F8DD994F1E4A564800DC3EB9 /* Main.storyboard */ = {
			isa = PBXVariantGroup;
			children = (
				F8DD99501E4A564800DC3EB9 /* Base */,
			);
			name = Main.storyboard;
			sourceTree = "<group>";
		};
		F8DD99541E4A564800DC3EB9 /* LaunchScreen.storyboard */ = {
			isa = PBXVariantGroup;
			children = (
				F8DD99551E4A564800DC3EB9 /* Base */,
			);
			name = LaunchScreen.storyboard;
			sourceTree = "<group>";
		};
/* End PBXVariantGroup section */

/* Begin XCBuildConfiguration section */
		728D915B1E8C959200B584AF /* Debug */ = {
			isa = XCBuildConfiguration;
			baseConfigurationReference = 71BFC3433D674687C82AF2C6 /* Pods-OneSignalNotificationServiceExtension.debug.xcconfig */;
			buildSettings = {
				CLANG_ANALYZER_NUMBER_OBJECT_CONVERSION = YES_AGGRESSIVE;
				DEVELOPMENT_TEAM = 4U642UQEDA;
				INFOPLIST_FILE = OneSignalNotificationServiceExtension/Info.plist;
				IPHONEOS_DEPLOYMENT_TARGET = 10.3;
				LD_RUNPATH_SEARCH_PATHS = "$(inherited) @executable_path/Frameworks @executable_path/../../Frameworks";
				PRODUCT_BUNDLE_IDENTIFIER = com.aandeautorepair.AEApp.OneSignalNotificationServiceExtension;
				PRODUCT_NAME = "$(TARGET_NAME)";
				SKIP_INSTALL = YES;
				SWIFT_VERSION = 3.0;
			};
			name = Debug;
		};
		728D915C1E8C959200B584AF /* Release */ = {
			isa = XCBuildConfiguration;
			baseConfigurationReference = 5AD17F9F88D2B757714DB8DF /* Pods-OneSignalNotificationServiceExtension.release.xcconfig */;
			buildSettings = {
				CLANG_ANALYZER_NUMBER_OBJECT_CONVERSION = YES_AGGRESSIVE;
				DEVELOPMENT_TEAM = "";
				INFOPLIST_FILE = OneSignalNotificationServiceExtension/Info.plist;
				IPHONEOS_DEPLOYMENT_TARGET = 10.3;
				LD_RUNPATH_SEARCH_PATHS = "$(inherited) @executable_path/Frameworks @executable_path/../../Frameworks";
				PRODUCT_BUNDLE_IDENTIFIER = com.aandeautorepair.AEApp.OneSignalNotificationServiceExtension;
				PRODUCT_NAME = "$(TARGET_NAME)";
				SKIP_INSTALL = YES;
				SWIFT_VERSION = 3.0;
			};
			name = Release;
		};
		F8DD99581E4A564800DC3EB9 /* Debug */ = {
			isa = XCBuildConfiguration;
			buildSettings = {
				ALWAYS_SEARCH_USER_PATHS = NO;
				CLANG_ANALYZER_NONNULL = YES;
				CLANG_CXX_LANGUAGE_STANDARD = "gnu++0x";
				CLANG_CXX_LIBRARY = "libc++";
				CLANG_ENABLE_MODULES = YES;
				CLANG_ENABLE_OBJC_ARC = YES;
				CLANG_WARN_BOOL_CONVERSION = YES;
				CLANG_WARN_CONSTANT_CONVERSION = YES;
				CLANG_WARN_DIRECT_OBJC_ISA_USAGE = YES_ERROR;
				CLANG_WARN_DOCUMENTATION_COMMENTS = YES;
				CLANG_WARN_EMPTY_BODY = YES;
				CLANG_WARN_ENUM_CONVERSION = YES;
				CLANG_WARN_INFINITE_RECURSION = YES;
				CLANG_WARN_INT_CONVERSION = YES;
				CLANG_WARN_OBJC_ROOT_CLASS = YES_ERROR;
				CLANG_WARN_SUSPICIOUS_MOVE = YES;
				CLANG_WARN_UNREACHABLE_CODE = YES;
				CLANG_WARN__DUPLICATE_METHOD_MATCH = YES;
				"CODE_SIGN_IDENTITY[sdk=iphoneos*]" = "iPhone Developer";
				COPY_PHASE_STRIP = NO;
				DEBUG_INFORMATION_FORMAT = dwarf;
				ENABLE_STRICT_OBJC_MSGSEND = YES;
				ENABLE_TESTABILITY = YES;
				GCC_C_LANGUAGE_STANDARD = gnu99;
				GCC_DYNAMIC_NO_PIC = NO;
				GCC_NO_COMMON_BLOCKS = YES;
				GCC_OPTIMIZATION_LEVEL = 0;
				GCC_PREPROCESSOR_DEFINITIONS = (
					"DEBUG=1",
					"$(inherited)",
				);
				GCC_WARN_64_TO_32_BIT_CONVERSION = YES;
				GCC_WARN_ABOUT_RETURN_TYPE = YES_ERROR;
				GCC_WARN_UNDECLARED_SELECTOR = YES;
				GCC_WARN_UNINITIALIZED_AUTOS = YES_AGGRESSIVE;
				GCC_WARN_UNUSED_FUNCTION = YES;
				GCC_WARN_UNUSED_VARIABLE = YES;
				IPHONEOS_DEPLOYMENT_TARGET = 10.2;
				MTL_ENABLE_DEBUG_INFO = YES;
				ONLY_ACTIVE_ARCH = YES;
				SDKROOT = iphoneos;
				SWIFT_ACTIVE_COMPILATION_CONDITIONS = DEBUG;
				SWIFT_OPTIMIZATION_LEVEL = "-Onone";
			};
			name = Debug;
		};
		F8DD99591E4A564800DC3EB9 /* Release */ = {
			isa = XCBuildConfiguration;
			buildSettings = {
				ALWAYS_SEARCH_USER_PATHS = NO;
				CLANG_ANALYZER_NONNULL = YES;
				CLANG_CXX_LANGUAGE_STANDARD = "gnu++0x";
				CLANG_CXX_LIBRARY = "libc++";
				CLANG_ENABLE_MODULES = YES;
				CLANG_ENABLE_OBJC_ARC = YES;
				CLANG_WARN_BOOL_CONVERSION = YES;
				CLANG_WARN_CONSTANT_CONVERSION = YES;
				CLANG_WARN_DIRECT_OBJC_ISA_USAGE = YES_ERROR;
				CLANG_WARN_DOCUMENTATION_COMMENTS = YES;
				CLANG_WARN_EMPTY_BODY = YES;
				CLANG_WARN_ENUM_CONVERSION = YES;
				CLANG_WARN_INFINITE_RECURSION = YES;
				CLANG_WARN_INT_CONVERSION = YES;
				CLANG_WARN_OBJC_ROOT_CLASS = YES_ERROR;
				CLANG_WARN_SUSPICIOUS_MOVE = YES;
				CLANG_WARN_UNREACHABLE_CODE = YES;
				CLANG_WARN__DUPLICATE_METHOD_MATCH = YES;
				"CODE_SIGN_IDENTITY[sdk=iphoneos*]" = "iPhone Developer";
				COPY_PHASE_STRIP = NO;
				DEBUG_INFORMATION_FORMAT = "dwarf-with-dsym";
				ENABLE_NS_ASSERTIONS = NO;
				ENABLE_STRICT_OBJC_MSGSEND = YES;
				GCC_C_LANGUAGE_STANDARD = gnu99;
				GCC_NO_COMMON_BLOCKS = YES;
				GCC_WARN_64_TO_32_BIT_CONVERSION = YES;
				GCC_WARN_ABOUT_RETURN_TYPE = YES_ERROR;
				GCC_WARN_UNDECLARED_SELECTOR = YES;
				GCC_WARN_UNINITIALIZED_AUTOS = YES_AGGRESSIVE;
				GCC_WARN_UNUSED_FUNCTION = YES;
				GCC_WARN_UNUSED_VARIABLE = YES;
				IPHONEOS_DEPLOYMENT_TARGET = 10.2;
				MTL_ENABLE_DEBUG_INFO = NO;
				SDKROOT = iphoneos;
				SWIFT_OPTIMIZATION_LEVEL = "-Owholemodule";
				VALIDATE_PRODUCT = YES;
			};
			name = Release;
		};
		F8DD995B1E4A564800DC3EB9 /* Debug */ = {
			isa = XCBuildConfiguration;
			baseConfigurationReference = 0AC46BF94E36CB9A0B3F721C /* Pods-A&ELoginScreen.debug.xcconfig */;
			buildSettings = {
				ALWAYS_EMBED_SWIFT_STANDARD_LIBRARIES = YES;
				ASSETCATALOG_COMPILER_APPICON_NAME = AppIcon;
				CODE_SIGN_ENTITLEMENTS = "A&ELoginScreen/A&ELoginScreen.entitlements";
				"CODE_SIGN_IDENTITY[sdk=iphoneos*]" = "iPhone Developer";
				DEVELOPMENT_TEAM = 4U642UQEDA;
				INFOPLIST_FILE = "A&ELoginScreen/Info.plist";
				LD_RUNPATH_SEARCH_PATHS = "$(inherited) @executable_path/Frameworks";
				PRODUCT_BUNDLE_IDENTIFIER = com.aandeautorepair.AEApp;
				PRODUCT_NAME = "$(TARGET_NAME)";
				PROVISIONING_PROFILE = "94c35a9f-8e78-4f99-a4dc-10be9d8b41b1";
				PROVISIONING_PROFILE_SPECIFIER = "Project Provision";
				SWIFT_VERSION = 3.0;
			};
			name = Debug;
		};
		F8DD995C1E4A564800DC3EB9 /* Release */ = {
			isa = XCBuildConfiguration;
			baseConfigurationReference = 3B4E35B56A2FE9FC72F7F72C /* Pods-A&ELoginScreen.release.xcconfig */;
			buildSettings = {
				ALWAYS_EMBED_SWIFT_STANDARD_LIBRARIES = YES;
				ASSETCATALOG_COMPILER_APPICON_NAME = AppIcon;
				CODE_SIGN_ENTITLEMENTS = "A&ELoginScreen/A&ELoginScreen.entitlements";
				"CODE_SIGN_IDENTITY[sdk=iphoneos*]" = "iPhone Developer";
				DEVELOPMENT_TEAM = 4U642UQEDA;
				INFOPLIST_FILE = "A&ELoginScreen/Info.plist";
				LD_RUNPATH_SEARCH_PATHS = "$(inherited) @executable_path/Frameworks";
				PRODUCT_BUNDLE_IDENTIFIER = com.aandeautorepair.AEApp;
				PRODUCT_NAME = "$(TARGET_NAME)";
				PROVISIONING_PROFILE = "94c35a9f-8e78-4f99-a4dc-10be9d8b41b1";
				PROVISIONING_PROFILE_SPECIFIER = "Project Provision";
				SWIFT_VERSION = 3.0;
			};
			name = Release;
		};
/* End XCBuildConfiguration section */

/* Begin XCConfigurationList section */
		728D915A1E8C959200B584AF /* Build configuration list for PBXNativeTarget "OneSignalNotificationServiceExtension" */ = {
			isa = XCConfigurationList;
			buildConfigurations = (
				728D915B1E8C959200B584AF /* Debug */,
				728D915C1E8C959200B584AF /* Release */,
			);
			defaultConfigurationIsVisible = 0;
			defaultConfigurationName = Release;
		};
		F8DD99431E4A564800DC3EB9 /* Build configuration list for PBXProject "A&ELoginScreen" */ = {
			isa = XCConfigurationList;
			buildConfigurations = (
				F8DD99581E4A564800DC3EB9 /* Debug */,
				F8DD99591E4A564800DC3EB9 /* Release */,
			);
			defaultConfigurationIsVisible = 0;
			defaultConfigurationName = Release;
		};
		F8DD995A1E4A564800DC3EB9 /* Build configuration list for PBXNativeTarget "A&ELoginScreen" */ = {
			isa = XCConfigurationList;
			buildConfigurations = (
				F8DD995B1E4A564800DC3EB9 /* Debug */,
				F8DD995C1E4A564800DC3EB9 /* Release */,
			);
			defaultConfigurationIsVisible = 0;
			defaultConfigurationName = Release;
		};
/* End XCConfigurationList section */
	};
	rootObject = F8DD99401E4A564800DC3EB9 /* Project object */;
}
